{
  "version": "4",
  "specifiers": {
    "jsr:@std/fs@^1.0.4": "1.0.4",
    "jsr:@std/path@^1.0.6": "1.0.6",
    "npm:@preact/signals-react@*": "2.2.0_react@18.3.1",
    "npm:@preact/signals-react@2": "2.2.0_react@18.3.1"
  },
  "jsr": {
    "@std/fs@1.0.4": {
      "integrity": "2907d32d8d1d9e540588fd5fe0ec21ee638134bd51df327ad4e443aaef07123c",
      "dependencies": [
        "jsr:@std/path"
      ]
    },
    "@std/path@1.0.6": {
      "integrity": "ab2c55f902b380cf28e0eec501b4906e4c1960d13f00e11cfbcd21de15f18fed"
    }
  },
  "npm": {
    "@preact/signals-core@1.8.0": {
      "integrity": "sha512-OBvUsRZqNmjzCZXWLxkZfhcgT+Fk8DDcT/8vD6a1xhDemodyy87UJRJfASMuSD8FaAIeGgGm85ydXhm7lr4fyA=="
    },
    "@preact/signals-react@2.2.0_react@18.3.1": {
      "integrity": "sha512-EPYlhXqqcOUxz2gTQGt4rtK6X7Jr04517DcJVZ4I5a7Gxy39haK24uFeVWtiU/tnEReRFcxpQN6poYra1jf68A==",
      "dependencies": [
        "@preact/signals-core",
        "react",
        "use-sync-external-store"
      ]
    },
    "js-tokens@4.0.0": {
      "integrity": "sha512-RdJUflcE3cUzKiMqQgsCu06FPu9UdIJO0beYbPhHN4k6apgJtifcoCtT9bcxOpYBtpD2kCM6Sbzg4CausW/PKQ=="
    },
    "loose-envify@1.4.0": {
      "integrity": "sha512-lyuxPGr/Wfhrlem2CL/UcnUc1zcqKAImBDzukY7Y5F/yQiNdko6+fRLevlw1HgMySw7f611UIY408EtxRSoK3Q==",
      "dependencies": [
        "js-tokens"
      ]
    },
    "react@18.3.1": {
      "integrity": "sha512-wS+hAgJShR0KhEvPJArfuPVN1+Hz1t0Y6n5jLrGQbkb4urgPE/0Rve+1kMB1v/oWgHgm4WIcV+i7F2pTVj+2iQ==",
      "dependencies": [
        "loose-envify"
      ]
    },
    "use-sync-external-store@1.2.2_react@18.3.1": {
      "integrity": "sha512-PElTlVMwpblvbNqQ82d2n6RjStvdSoNe9FG28kNfz3WiXilJm4DdNkEzRhCZuIDwY8U08WVihhGR5iRqAwfDiw==",
      "dependencies": [
        "react"
      ]
    }
  },
  "workspace": {
    "dependencies": [
      "jsr:@std/fs@^1.0.4"
    ]
  }
}
